
Microsoft Visual Studio Solution File, Format Version 12.00
# Visual Studio Version 17
VisualStudioVersion = 17.0.31912.275
MinimumVisualStudioVersion = 10.0.40219.1
Project("{9A19103F-16F7-4668-BE54-9A1E7A4F7556}") = "YesNt.CodeEditor", "YesNt.CodeEditor\YesNt.CodeEditor.csproj", "{33BDA036-A37E-475E-AACF-8ED96E31BA1A}"
EndProject
Project("{9A19103F-16F7-4668-BE54-9A1E7A4F7556}") = "YesNt.Interpreter", "YesNt.Interpreter\YesNt.Interpreter.csproj", "{E40573DB-912A-4871-BB65-3EE6E7D72E79}"
EndProject
Project("{2150E333-8FDC-42A3-9474-1A3956D46DE8}") = "Solution Items", "Solution Items", "{52024699-4F8E-40F6-AF03-71DDB4A1DC06}"
	ProjectSection(SolutionItems) = preProject
		.editorconfig = .editorconfig
	EndProjectSection
EndProject
Project("{FAE04EC0-301F-11D3-BF4B-00C04F79EFBC}") = "YesNt.Interpreter.Tests", "YesNt.Interpreter.Tests\YesNt.Interpreter.Tests.csproj", "{2F95DCA7-3E43-4F2E-8FB2-067F0EC962B1}"
EndProject
Global
	GlobalSection(SolutionConfigurationPlatforms) = preSolution
		Debug|Any CPU = Debug|Any CPU
		Release|Any CPU = Release|Any CPU
	EndGlobalSection
	GlobalSection(ProjectConfigurationPlatforms) = postSolution
		{33BDA036-A37E-475E-AACF-8ED96E31BA1A}.Debug|Any CPU.ActiveCfg = Debug|Any CPU
		{33BDA036-A37E-475E-AACF-8ED96E31BA1A}.Debug|Any CPU.Build.0 = Debug|Any CPU
		{33BDA036-A37E-475E-AACF-8ED96E31BA1A}.Release|Any CPU.ActiveCfg = Release|Any CPU
		{33BDA036-A37E-475E-AACF-8ED96E31BA1A}.Release|Any CPU.Build.0 = Release|Any CPU
		{E40573DB-912A-4871-BB65-3EE6E7D72E79}.Debug|Any CPU.ActiveCfg = Debug|Any CPU
		{E40573DB-912A-4871-BB65-3EE6E7D72E79}.Debug|Any CPU.Build.0 = Debug|Any CPU
		{E40573DB-912A-4871-BB65-3EE6E7D72E79}.Release|Any CPU.ActiveCfg = Release|Any CPU
		{E40573DB-912A-4871-BB65-3EE6E7D72E79}.Release|Any CPU.Build.0 = Release|Any CPU
		{2F95DCA7-3E43-4F2E-8FB2-067F0EC962B1}.Debug|Any CPU.ActiveCfg = Debug|Any CPU
		{2F95DCA7-3E43-4F2E-8FB2-067F0EC962B1}.Debug|Any CPU.Build.0 = Debug|Any CPU
		{2F95DCA7-3E43-4F2E-8FB2-067F0EC962B1}.Release|Any CPU.ActiveCfg = Release|Any CPU
		{2F95DCA7-3E43-4F2E-8FB2-067F0EC962B1}.Release|Any CPU.Build.0 = Release|Any CPU
	EndGlobalSection
	GlobalSection(SolutionProperties) = preSolution
		HideSolutionNode = FALSE
	EndGlobalSection
	GlobalSection(ExtensibilityGlobals) = postSolution
		SolutionGuid = {8597E655-80C0-48F2-AEB1-4A279F5173D6}
	EndGlobalSection
EndGlobal
